{
  "lockfileVersion": 1,
  "configVersion": 1,
  "workspaces": {
    "": {
      "name": "rcp-docsite",
      "dependencies": {
        "marked": "16.4.1",
      },
    },
  },
  "packages": {
    "marked": ["marked@16.4.1", "", { "bin": { "marked": "bin/marked.js" } }, "sha512-ntROs7RaN3EvWfy3EZi14H4YxmT6A5YvywfhO+0pm+cH/dnSQRmdAmoFIc3B9aiwTehyk7pESH4ofyBY+V5hZg=="],
  }
}
